
Microsoft Visual Studio Solution File, Format Version 12.00
# Visual Studio Version 17
VisualStudioVersion = 17.12.35521.163
MinimumVisualStudioVersion = 10.0.40219.1
Project("{FAE04EC0-301F-11D3-BF4B-00C04F79EFBC}") = "This_is_Csharp_00", "This_is_Csharp_00\This_is_Csharp_00.csproj", "{C7380F75-F9AB-45E9-8345-CD744DFA0BFF}"
EndProject
Project("{FAE04EC0-301F-11D3-BF4B-00C04F79EFBC}") = "This_is_CSharp_01", "This_is_CSharp_01\This_is_CSharp_01.csproj", "{61F44867-7C91-4008-86B3-072D7AD695F4}"
EndProject
Project("{FAE04EC0-301F-11D3-BF4B-00C04F79EFBC}") = "This_is_CSharp_02", "This_is_CSharp_02\This_is_CSharp_02.csproj", "{36AD912B-1DAA-47E1-8A15-4E358E75BF96}"
EndProject
Project("{FAE04EC0-301F-11D3-BF4B-00C04F79EFBC}") = "This_is_CSharp_03", "Tihis_is_CSharp_03\This_is_CSharp_03.csproj", "{F6A1669A-95B6-4C51-8064-B2F052629B2B}"
EndProject
Project("{FAE04EC0-301F-11D3-BF4B-00C04F79EFBC}") = "This_is_CSharp_04", "This_is_CSharp_04\This_is_CSharp_04.csproj", "{7AE8075A-AF1A-4F7A-89DA-6C159C37BBF2}"
EndProject
Project("{FAE04EC0-301F-11D3-BF4B-00C04F79EFBC}") = "This_is_CSharp_05", "This_is_CSharp_05\This_is_CSharp_05.csproj", "{415ACDEA-5445-4EAB-9054-4284DD4D888F}"
EndProject
Project("{FAE04EC0-301F-11D3-BF4B-00C04F79EFBC}") = "This_is_CSharp_06", "This_is_CSharp_06\This_is_CSharp_06.csproj", "{6D76BEFF-EEB2-48A7-A42A-9F27F6B584FA}"
EndProject
Project("{FAE04EC0-301F-11D3-BF4B-00C04F79EFBC}") = "This_is_CSharp_07", "This_is_CSharp_07\This_is_CSharp_07.csproj", "{800C7548-E2A1-4E8A-8521-2C54394B8AB8}"
EndProject
Project("{FAE04EC0-301F-11D3-BF4B-00C04F79EFBC}") = "This_is_CSharp_08", "This_is_CSharp_08\This_is_CSharp_08.csproj", "{8D31F9A0-BD09-45DE-BA90-3EDA620A4D26}"
EndProject
Project("{FAE04EC0-301F-11D3-BF4B-00C04F79EFBC}") = "This_is_CSharp_09", "This_is_CSharp_09\This_is_CSharp_09.csproj", "{E3CD6646-08F9-4E2A-B13C-49A46392AC5C}"
EndProject
Project("{FAE04EC0-301F-11D3-BF4B-00C04F79EFBC}") = "This_is_CSharp_10", "This_is_CSharp_10\This_is_CSharp_10.csproj", "{E21B06C3-46C4-4D4C-8A4E-C4418D9E53DF}"
EndProject
Project("{FAE04EC0-301F-11D3-BF4B-00C04F79EFBC}") = "This_is_CSharp_11", "This_is_CSharp_11\This_is_CSharp_11.csproj", "{3088529C-8654-414E-9B75-EF33E244827A}"
EndProject
Project("{FAE04EC0-301F-11D3-BF4B-00C04F79EFBC}") = "This_is_CSharp_12", "This_is_CSharp_12\This_is_CSharp_12.csproj", "{E05B60C8-0FE8-4172-9527-6B99C119092C}"
EndProject
Project("{FAE04EC0-301F-11D3-BF4B-00C04F79EFBC}") = "This_is_CSharp_13", "This_is_CSharp_13\This_is_CSharp_13.csproj", "{28F18067-3CED-4584-9665-5A74674F03EF}"
EndProject
Project("{FAE04EC0-301F-11D3-BF4B-00C04F79EFBC}") = "This_is_CSharp_14", "This_is_CSharp_14\This_is_CSharp_14.csproj", "{673887EC-9E61-4E2F-847F-B8509C367A67}"
EndProject
Project("{FAE04EC0-301F-11D3-BF4B-00C04F79EFBC}") = "This_is_CSharp_15", "This_is_CSharp_15\This_is_CSharp_15.csproj", "{2B6C9234-530C-4D02-BB8D-D0B6AA7F66D8}"
EndProject
Project("{FAE04EC0-301F-11D3-BF4B-00C04F79EFBC}") = "This_is_CSharp_16", "This_is_CSharp_16\This_is_CSharp_16.csproj", "{B5FA0B00-6928-4736-B8FD-266BC510D826}"
EndProject
Project("{FAE04EC0-301F-11D3-BF4B-00C04F79EFBC}") = "This_is_CSharp_17", "This_is_CSharp_17\This_is_CSharp_17.csproj", "{4BBE09EB-430E-44BD-983B-3B259A3D1E23}"
EndProject
Project("{FAE04EC0-301F-11D3-BF4B-00C04F79EFBC}") = "This_is_CSharp_18", "This_is_CSharp_18\This_is_CSharp_18.csproj", "{9215DC4E-073A-44AF-A754-82AEE6822FCB}"
EndProject
Project("{FAE04EC0-301F-11D3-BF4B-00C04F79EFBC}") = "This_is_CSharp_19", "This_is_CSharp_19\This_is_CSharp_19.csproj", "{657275B9-190E-4351-B362-1A8F5079DEEA}"
EndProject
Project("{FAE04EC0-301F-11D3-BF4B-00C04F79EFBC}") = "This_is_CSharp_20", "This_is_CSharp_20\This_is_CSharp_20.csproj", "{BC5F7DAD-C181-463D-84B6-5910E40F19E4}"
EndProject
Project("{FAE04EC0-301F-11D3-BF4B-00C04F79EFBC}") = "This_is_CSharp_21", "This_is_CSharp_21\This_is_CSharp_21.csproj", "{CD7FF9C3-BD8B-4DC5-B8E7-C09288F22F78}"
EndProject
Project("{FAE04EC0-301F-11D3-BF4B-00C04F79EFBC}") = "This_is_CSharp_22", "This_is_CSharp_22\This_is_CSharp_22.csproj", "{BD1838B6-F990-43AF-A843-1F764C35D525}"
EndProject
Project("{FAE04EC0-301F-11D3-BF4B-00C04F79EFBC}") = "This_is_CSharp_23", "This_is_CSharp_23\This_is_CSharp_23.csproj", "{86A6EB13-4563-4111-BE33-F171FC89C82B}"
EndProject
Project("{FAE04EC0-301F-11D3-BF4B-00C04F79EFBC}") = "This_is_CSharp_24", "This_is_CSharp_24\This_is_CSharp_24.csproj", "{CD3C386D-20ED-4CF2-9CD8-864CA45FA6A5}"
EndProject
Project("{FAE04EC0-301F-11D3-BF4B-00C04F79EFBC}") = "This_is_CSharp_25", "This_is_CSharp_25\This_is_CSharp_25.csproj", "{6D8B20A9-E179-4CD8-83F6-79BAC67E083D}"
EndProject
Project("{FAE04EC0-301F-11D3-BF4B-00C04F79EFBC}") = "This_is_CSharp_26", "This_is_CSharp_26\This_is_CSharp_26.csproj", "{51BD8A56-C102-4272-AF24-DBD47916DFF4}"
EndProject
Project("{FAE04EC0-301F-11D3-BF4B-00C04F79EFBC}") = "This_is_CSharp_27", "This_is_CSharp_27\This_is_CSharp_27.csproj", "{E8DB053D-9365-4114-827B-9C263807CDE1}"
EndProject
Project("{FAE04EC0-301F-11D3-BF4B-00C04F79EFBC}") = "This_is_CSharp_28", "This_is_CSharp_28\This_is_CSharp_28.csproj", "{BA5BAB93-F485-48A5-9180-C1C0C6CD9728}"
EndProject
Project("{FAE04EC0-301F-11D3-BF4B-00C04F79EFBC}") = "This_is_CSharp_29", "This_is_CSharp_29\This_is_CSharp_29.csproj", "{1FAA67E0-6978-4B62-B02A-5D4EB1F18205}"
EndProject
Project("{FAE04EC0-301F-11D3-BF4B-00C04F79EFBC}") = "This_is_CSharp_30", "This_is_CSharp_30\This_is_CSharp_30.csproj", "{C1C535C6-1740-4243-B4E2-84508239D3DD}"
EndProject
Project("{FAE04EC0-301F-11D3-BF4B-00C04F79EFBC}") = "This_is_Csharp_31", "This_is_Csharp_31\This_is_Csharp_31.csproj", "{B20D92C4-D987-4754-846A-B1975CE45EA2}"
EndProject
Project("{FAE04EC0-301F-11D3-BF4B-00C04F79EFBC}") = "This_is_Csharp_32", "This_is_Csharp_32\This_is_Csharp_32.csproj", "{F9796998-6DFD-4694-B626-1F8DBA5E1EBE}"
EndProject
Project("{FAE04EC0-301F-11D3-BF4B-00C04F79EFBC}") = "This_is_Csharp_33", "This_is_Csharp_33\This_is_Csharp_33.csproj", "{30C2B7CD-B553-4ADD-955B-2CE76CEF9FC2}"
EndProject
Project("{FAE04EC0-301F-11D3-BF4B-00C04F79EFBC}") = "This_is_Csharp_34", "This_is_Csharp_34\This_is_Csharp_34.csproj", "{C1E4D6D3-29E8-44CE-884F-127CBB5E53BC}"
EndProject
Project("{FAE04EC0-301F-11D3-BF4B-00C04F79EFBC}") = "This_is_Csharp_35", "This_is_Csharp_35\This_is_Csharp_35.csproj", "{92F9D177-57EC-4D5B-8734-C8D4443DB7E5}"
EndProject
Project("{FAE04EC0-301F-11D3-BF4B-00C04F79EFBC}") = "This_is_Csharp_36", "This_is_Csharp_36\This_is_Csharp_36.csproj", "{36B8A3E6-8C7E-4CD7-A13B-858B33F76183}"
EndProject
Project("{FAE04EC0-301F-11D3-BF4B-00C04F79EFBC}") = "This_is_Csharp_37", "This_is_Csharp_37\This_is_Csharp_37.csproj", "{3976915A-BE8F-4E53-B6C6-025E4191D767}"
EndProject
Project("{FAE04EC0-301F-11D3-BF4B-00C04F79EFBC}") = "This_is_Csharp_38", "This_is_Csharp_38\This_is_Csharp_38.csproj", "{C44A1B27-C010-413C-8E7B-19D95B1C9193}"
EndProject
Project("{FAE04EC0-301F-11D3-BF4B-00C04F79EFBC}") = "This_is_Csharp_39", "This_is_Csharp_39\This_is_Csharp_39.csproj", "{AE75191A-86C5-40FC-B885-70A241E7719B}"
EndProject
Project("{FAE04EC0-301F-11D3-BF4B-00C04F79EFBC}") = "This_is_Csharp_40", "This_is_Csharp_40\This_is_Csharp_40.csproj", "{93374A5A-1C4C-4476-8CC9-1BAB71FBD726}"
EndProject
Project("{FAE04EC0-301F-11D3-BF4B-00C04F79EFBC}") = "This_is_Csharp_41", "This_is_Csharp_41\This_is_Csharp_41.csproj", "{41F95EF0-9F01-431B-8710-F516A361AB46}"
EndProject
Project("{FAE04EC0-301F-11D3-BF4B-00C04F79EFBC}") = "This_is_Csharp_42", "This_is_Csharp_42\This_is_Csharp_42.csproj", "{A1A477C9-F844-4F68-8822-B7063E29991F}"
EndProject
Project("{FAE04EC0-301F-11D3-BF4B-00C04F79EFBC}") = "This_is_Csharp_43", "This_is_Csharp_43\This_is_Csharp_43.csproj", "{CAF19E93-E808-41DB-8957-0A5FD54E3B3A}"
EndProject
Project("{FAE04EC0-301F-11D3-BF4B-00C04F79EFBC}") = "This_is_Csharp_44", "This_is_Csharp_44\This_is_Csharp_44.csproj", "{49817DD9-266B-42AF-9895-FBA4178DCB8C}"
EndProject
Project("{FAE04EC0-301F-11D3-BF4B-00C04F79EFBC}") = "This_is_Csharp_45", "This_is_Csharp_45\This_is_Csharp_45.csproj", "{B676DE19-B83A-4FB3-B51A-A2DB2DD465DE}"
EndProject
Project("{FAE04EC0-301F-11D3-BF4B-00C04F79EFBC}") = "This_is_Csharp_46", "This_is_Csharp_46\This_is_Csharp_46.csproj", "{0023F207-2035-46F7-8592-C3A2D9000300}"
EndProject
Project("{FAE04EC0-301F-11D3-BF4B-00C04F79EFBC}") = "This_is_Csharp_47", "This_is_Csharp_47\This_is_Csharp_47.csproj", "{38832B08-9848-41BE-919C-A2897F0DF412}"
EndProject
Project("{FAE04EC0-301F-11D3-BF4B-00C04F79EFBC}") = "This_is_Csharp_48", "This_is_Csharp_48\This_is_Csharp_48.csproj", "{4093127D-320C-4153-8687-5550F3D56103}"
EndProject
Project("{FAE04EC0-301F-11D3-BF4B-00C04F79EFBC}") = "This_is_Csharp_49", "This_is_Csharp_49\This_is_Csharp_49.csproj", "{645B1509-31CA-4659-A083-D3BEA2C58D66}"
EndProject
Project("{FAE04EC0-301F-11D3-BF4B-00C04F79EFBC}") = "This_is_Csharp_50", "This_is_Csharp_50\This_is_Csharp_50.csproj", "{BF91F3C6-2ADF-4B09-8FC3-31A48DF413FD}"
EndProject
Project("{FAE04EC0-301F-11D3-BF4B-00C04F79EFBC}") = "This_is_Csharp_51", "This_is_Csharp_51\This_is_Csharp_51.csproj", "{B7DC08F5-B095-46ED-9827-325955BD71F2}"
EndProject
Project("{FAE04EC0-301F-11D3-BF4B-00C04F79EFBC}") = "This_is_Csharp_52", "This_is_Csharp_52\This_is_Csharp_52.csproj", "{3F5A7974-F749-4A42-8E0F-672DDD6B34BA}"
EndProject
Project("{FAE04EC0-301F-11D3-BF4B-00C04F79EFBC}") = "This_is_Csharp_53", "This_is_Csharp_53\This_is_Csharp_53.csproj", "{EFC2386A-4AB7-46BE-8538-FFFC32304418}"
EndProject
Project("{FAE04EC0-301F-11D3-BF4B-00C04F79EFBC}") = "This_is_Csharp_54", "This_is_Csharp_54\This_is_Csharp_54.csproj", "{617347C9-4EDD-4E05-88BF-0464DAF1E8E9}"
EndProject
Project("{FAE04EC0-301F-11D3-BF4B-00C04F79EFBC}") = "This_is_CSharp_55", "This_is_CSharp_55\This_is_CSharp_55.csproj", "{72D6AA6E-7B93-486A-AE5F-D6FED2FCD599}"
EndProject
Project("{FAE04EC0-301F-11D3-BF4B-00C04F79EFBC}") = "This_is_CSharp_56", "This_is_CSharp_56\This_is_CSharp_56.csproj", "{8C814806-00AF-4E2B-AD27-AF7F57754EF4}"
EndProject
Project("{FAE04EC0-301F-11D3-BF4B-00C04F79EFBC}") = "This_is_CSharp_57", "This_is_CSharp_573\This_is_CSharp_57.csproj", "{1F4265D0-2813-4EBB-8BB6-BC651159BEBE}"
EndProject
Project("{FAE04EC0-301F-11D3-BF4B-00C04F79EFBC}") = "This_is_CSharp_58", "This_is_CSharp_58\This_is_CSharp_58.csproj", "{55BEB1DF-33D9-4809-B2E7-43CF52E925E1}"
EndProject
Project("{FAE04EC0-301F-11D3-BF4B-00C04F79EFBC}") = "This_is_CSharp_59", "This_is_CSharp_59\This_is_CSharp_59.csproj", "{92334983-6B55-4E3E-A76C-7C29CD8FF365}"
EndProject
Project("{FAE04EC0-301F-11D3-BF4B-00C04F79EFBC}") = "This_is_CSharp_60", "This_is_CSharp_60\This_is_CSharp_60.csproj", "{28F008E8-BCCB-4266-8AA1-688D8B73C696}"
EndProject
Project("{FAE04EC0-301F-11D3-BF4B-00C04F79EFBC}") = "This_is_Csharp_61", "This_is_Csharp_61\This_is_Csharp_61.csproj", "{B9C97291-D52A-4EA5-972E-B5A27A6D9485}"
EndProject
Project("{FAE04EC0-301F-11D3-BF4B-00C04F79EFBC}") = "This_is_Csharp_62", "This_is_Csharp_62\This_is_Csharp_62.csproj", "{49313B90-E7B1-4C25-B584-4851CC89824D}"
EndProject
Project("{FAE04EC0-301F-11D3-BF4B-00C04F79EFBC}") = "This_is_CSharp_63", "This_is_CSharp_63\This_is_CSharp_63.csproj", "{28E051E9-28CE-4517-82B9-A85BDDA37161}"
EndProject
Project("{FAE04EC0-301F-11D3-BF4B-00C04F79EFBC}") = "This_is_CSharp_64", "This_is_CSharp_64\This_is_CSharp_64.csproj", "{EAA52C67-DF45-486F-8A90-91C07C59D98E}"
EndProject
Project("{FAE04EC0-301F-11D3-BF4B-00C04F79EFBC}") = "This_is_CSharp_65", "This_is_CSharp_65\This_is_CSharp_65.csproj", "{43605CDD-DDAE-4FA1-A950-799DE4A37265}"
EndProject
Project("{FAE04EC0-301F-11D3-BF4B-00C04F79EFBC}") = "This_is_CSharp_66", "This_is_CSharp_66\This_is_CSharp_66.csproj", "{65D915EB-C896-4E75-9ABA-F57BB35CCE1F}"
EndProject
Project("{FAE04EC0-301F-11D3-BF4B-00C04F79EFBC}") = "This_is_CSharp_67", "This_is_CSharp_67\This_is_CSharp_67.csproj", "{64B98A4E-487A-43A0-B017-869D5F0F865D}"
EndProject
Project("{FAE04EC0-301F-11D3-BF4B-00C04F79EFBC}") = "This_is_CSharp_68", "This_is_CSharp_68\This_is_CSharp_68.csproj", "{D86D3B5C-17F9-4608-8D63-49DD0C8FFF6B}"
EndProject
Project("{FAE04EC0-301F-11D3-BF4B-00C04F79EFBC}") = "This_is_CSharp_69", "This_is_CSharp_69\This_is_CSharp_69.csproj", "{49C17D75-56B1-4A40-8BA1-2746951D4A74}"
EndProject
Project("{FAE04EC0-301F-11D3-BF4B-00C04F79EFBC}") = "This_is_CSharp_70", "This_is_CSharp_70\This_is_CSharp_70.csproj", "{481527E3-2454-48B6-BAA2-39F73048596B}"
EndProject
Project("{FAE04EC0-301F-11D3-BF4B-00C04F79EFBC}") = "This_is_CSharp_71", "This_is_CSharp_71\This_is_CSharp_71.csproj", "{2509157D-7E60-4A23-B93F-3FFD4FFC9570}"
EndProject
Project("{FAE04EC0-301F-11D3-BF4B-00C04F79EFBC}") = "This_is_CSharp_72", "This_is_CSharp_72\This_is_CSharp_72.csproj", "{88FD4326-4AA6-4A01-98DB-DBB96AF065C5}"
EndProject
Project("{FAE04EC0-301F-11D3-BF4B-00C04F79EFBC}") = "This_is_CSharp_73", "This_is_CSharp_73\This_is_CSharp_73.csproj", "{C6B8D4E3-E5F3-418D-A55C-1BEF79AE52D1}"
EndProject
Project("{FAE04EC0-301F-11D3-BF4B-00C04F79EFBC}") = "This_is_CSharp_74", "This_is_CSharp_74\This_is_CSharp_74.csproj", "{48AD8FB4-CCC6-43BE-AEB7-A7B28C67B92F}"
EndProject
Project("{FAE04EC0-301F-11D3-BF4B-00C04F79EFBC}") = "This_is_CSharp_75", "This_is_CSharp_75\This_is_CSharp_75.csproj", "{A373879F-99F7-4BDC-B283-797EB93C3F1C}"
EndProject
Project("{FAE04EC0-301F-11D3-BF4B-00C04F79EFBC}") = "This_is_CSharp_76", "This_is_CSharp_76\This_is_CSharp_76.csproj", "{8AEDDB6F-5907-48F6-8B86-962F0CA3BC47}"
EndProject
Project("{FAE04EC0-301F-11D3-BF4B-00C04F79EFBC}") = "This_is_CSharp_77", "This_is_CSharp_77\This_is_CSharp_77.csproj", "{A311789C-50F3-4740-B2A4-8665AB7BEC9A}"
EndProject
Project("{FAE04EC0-301F-11D3-BF4B-00C04F79EFBC}") = "This_is_CSharp_78", "This_is_CSharp_78\This_is_CSharp_78.csproj", "{CA09CD0A-56A8-4739-A8A3-A0F85F33EF1E}"
EndProject
Project("{FAE04EC0-301F-11D3-BF4B-00C04F79EFBC}") = "This_is_CSharp_79", "This_is_CSharp_79\This_is_CSharp_79.csproj", "{12D6B9EA-80FD-4987-8AB5-44477894DDFF}"
EndProject
Project("{FAE04EC0-301F-11D3-BF4B-00C04F79EFBC}") = "This_is_CSharp_80", "This_is_CSharp_80\This_is_CSharp_80.csproj", "{F54A6C5E-2862-4057-8234-A7E089BEBCCF}"
EndProject
Global
	GlobalSection(SolutionConfigurationPlatforms) = preSolution
		Debug|Any CPU = Debug|Any CPU
		Release|Any CPU = Release|Any CPU
	EndGlobalSection
	GlobalSection(ProjectConfigurationPlatforms) = postSolution
		{C7380F75-F9AB-45E9-8345-CD744DFA0BFF}.Debug|Any CPU.ActiveCfg = Debug|Any CPU
		{C7380F75-F9AB-45E9-8345-CD744DFA0BFF}.Debug|Any CPU.Build.0 = Debug|Any CPU
		{C7380F75-F9AB-45E9-8345-CD744DFA0BFF}.Release|Any CPU.ActiveCfg = Release|Any CPU
		{C7380F75-F9AB-45E9-8345-CD744DFA0BFF}.Release|Any CPU.Build.0 = Release|Any CPU
		{61F44867-7C91-4008-86B3-072D7AD695F4}.Debug|Any CPU.ActiveCfg = Debug|Any CPU
		{61F44867-7C91-4008-86B3-072D7AD695F4}.Debug|Any CPU.Build.0 = Debug|Any CPU
		{61F44867-7C91-4008-86B3-072D7AD695F4}.Release|Any CPU.ActiveCfg = Release|Any CPU
		{61F44867-7C91-4008-86B3-072D7AD695F4}.Release|Any CPU.Build.0 = Release|Any CPU
		{36AD912B-1DAA-47E1-8A15-4E358E75BF96}.Debug|Any CPU.ActiveCfg = Debug|Any CPU
		{36AD912B-1DAA-47E1-8A15-4E358E75BF96}.Debug|Any CPU.Build.0 = Debug|Any CPU
		{36AD912B-1DAA-47E1-8A15-4E358E75BF96}.Release|Any CPU.ActiveCfg = Release|Any CPU
		{36AD912B-1DAA-47E1-8A15-4E358E75BF96}.Release|Any CPU.Build.0 = Release|Any CPU
		{F6A1669A-95B6-4C51-8064-B2F052629B2B}.Debug|Any CPU.ActiveCfg = Debug|Any CPU
		{F6A1669A-95B6-4C51-8064-B2F052629B2B}.Debug|Any CPU.Build.0 = Debug|Any CPU
		{F6A1669A-95B6-4C51-8064-B2F052629B2B}.Release|Any CPU.ActiveCfg = Release|Any CPU
		{F6A1669A-95B6-4C51-8064-B2F052629B2B}.Release|Any CPU.Build.0 = Release|Any CPU
		{7AE8075A-AF1A-4F7A-89DA-6C159C37BBF2}.Debug|Any CPU.ActiveCfg = Debug|Any CPU
		{7AE8075A-AF1A-4F7A-89DA-6C159C37BBF2}.Debug|Any CPU.Build.0 = Debug|Any CPU
		{7AE8075A-AF1A-4F7A-89DA-6C159C37BBF2}.Release|Any CPU.ActiveCfg = Release|Any CPU
		{7AE8075A-AF1A-4F7A-89DA-6C159C37BBF2}.Release|Any CPU.Build.0 = Release|Any CPU
		{415ACDEA-5445-4EAB-9054-4284DD4D888F}.Debug|Any CPU.ActiveCfg = Debug|Any CPU
		{415ACDEA-5445-4EAB-9054-4284DD4D888F}.Debug|Any CPU.Build.0 = Debug|Any CPU
		{415ACDEA-5445-4EAB-9054-4284DD4D888F}.Release|Any CPU.ActiveCfg = Release|Any CPU
		{415ACDEA-5445-4EAB-9054-4284DD4D888F}.Release|Any CPU.Build.0 = Release|Any CPU
		{6D76BEFF-EEB2-48A7-A42A-9F27F6B584FA}.Debug|Any CPU.ActiveCfg = Debug|Any CPU
		{6D76BEFF-EEB2-48A7-A42A-9F27F6B584FA}.Debug|Any CPU.Build.0 = Debug|Any CPU
		{6D76BEFF-EEB2-48A7-A42A-9F27F6B584FA}.Release|Any CPU.ActiveCfg = Release|Any CPU
		{6D76BEFF-EEB2-48A7-A42A-9F27F6B584FA}.Release|Any CPU.Build.0 = Release|Any CPU
		{800C7548-E2A1-4E8A-8521-2C54394B8AB8}.Debug|Any CPU.ActiveCfg = Debug|Any CPU
		{800C7548-E2A1-4E8A-8521-2C54394B8AB8}.Debug|Any CPU.Build.0 = Debug|Any CPU
		{800C7548-E2A1-4E8A-8521-2C54394B8AB8}.Release|Any CPU.ActiveCfg = Release|Any CPU
		{800C7548-E2A1-4E8A-8521-2C54394B8AB8}.Release|Any CPU.Build.0 = Release|Any CPU
		{8D31F9A0-BD09-45DE-BA90-3EDA620A4D26}.Debug|Any CPU.ActiveCfg = Debug|Any CPU
		{8D31F9A0-BD09-45DE-BA90-3EDA620A4D26}.Debug|Any CPU.Build.0 = Debug|Any CPU
		{8D31F9A0-BD09-45DE-BA90-3EDA620A4D26}.Release|Any CPU.ActiveCfg = Release|Any CPU
		{8D31F9A0-BD09-45DE-BA90-3EDA620A4D26}.Release|Any CPU.Build.0 = Release|Any CPU
		{E3CD6646-08F9-4E2A-B13C-49A46392AC5C}.Debug|Any CPU.ActiveCfg = Debug|Any CPU
		{E3CD6646-08F9-4E2A-B13C-49A46392AC5C}.Debug|Any CPU.Build.0 = Debug|Any CPU
		{E3CD6646-08F9-4E2A-B13C-49A46392AC5C}.Release|Any CPU.ActiveCfg = Release|Any CPU
		{E3CD6646-08F9-4E2A-B13C-49A46392AC5C}.Release|Any CPU.Build.0 = Release|Any CPU
		{E21B06C3-46C4-4D4C-8A4E-C4418D9E53DF}.Debug|Any CPU.ActiveCfg = Debug|Any CPU
		{E21B06C3-46C4-4D4C-8A4E-C4418D9E53DF}.Debug|Any CPU.Build.0 = Debug|Any CPU
		{E21B06C3-46C4-4D4C-8A4E-C4418D9E53DF}.Release|Any CPU.ActiveCfg = Release|Any CPU
		{E21B06C3-46C4-4D4C-8A4E-C4418D9E53DF}.Release|Any CPU.Build.0 = Release|Any CPU
		{3088529C-8654-414E-9B75-EF33E244827A}.Debug|Any CPU.ActiveCfg = Debug|Any CPU
		{3088529C-8654-414E-9B75-EF33E244827A}.Debug|Any CPU.Build.0 = Debug|Any CPU
		{3088529C-8654-414E-9B75-EF33E244827A}.Release|Any CPU.ActiveCfg = Release|Any CPU
		{3088529C-8654-414E-9B75-EF33E244827A}.Release|Any CPU.Build.0 = Release|Any CPU
		{E05B60C8-0FE8-4172-9527-6B99C119092C}.Debug|Any CPU.ActiveCfg = Debug|Any CPU
		{E05B60C8-0FE8-4172-9527-6B99C119092C}.Debug|Any CPU.Build.0 = Debug|Any CPU
		{E05B60C8-0FE8-4172-9527-6B99C119092C}.Release|Any CPU.ActiveCfg = Release|Any CPU
		{E05B60C8-0FE8-4172-9527-6B99C119092C}.Release|Any CPU.Build.0 = Release|Any CPU
		{28F18067-3CED-4584-9665-5A74674F03EF}.Debug|Any CPU.ActiveCfg = Debug|Any CPU
		{28F18067-3CED-4584-9665-5A74674F03EF}.Debug|Any CPU.Build.0 = Debug|Any CPU
		{28F18067-3CED-4584-9665-5A74674F03EF}.Release|Any CPU.ActiveCfg = Release|Any CPU
		{28F18067-3CED-4584-9665-5A74674F03EF}.Release|Any CPU.Build.0 = Release|Any CPU
		{673887EC-9E61-4E2F-847F-B8509C367A67}.Debug|Any CPU.ActiveCfg = Debug|Any CPU
		{673887EC-9E61-4E2F-847F-B8509C367A67}.Debug|Any CPU.Build.0 = Debug|Any CPU
		{673887EC-9E61-4E2F-847F-B8509C367A67}.Release|Any CPU.ActiveCfg = Release|Any CPU
		{673887EC-9E61-4E2F-847F-B8509C367A67}.Release|Any CPU.Build.0 = Release|Any CPU
		{2B6C9234-530C-4D02-BB8D-D0B6AA7F66D8}.Debug|Any CPU.ActiveCfg = Debug|Any CPU
		{2B6C9234-530C-4D02-BB8D-D0B6AA7F66D8}.Debug|Any CPU.Build.0 = Debug|Any CPU
		{2B6C9234-530C-4D02-BB8D-D0B6AA7F66D8}.Release|Any CPU.ActiveCfg = Release|Any CPU
		{2B6C9234-530C-4D02-BB8D-D0B6AA7F66D8}.Release|Any CPU.Build.0 = Release|Any CPU
		{B5FA0B00-6928-4736-B8FD-266BC510D826}.Debug|Any CPU.ActiveCfg = Debug|Any CPU
		{B5FA0B00-6928-4736-B8FD-266BC510D826}.Debug|Any CPU.Build.0 = Debug|Any CPU
		{B5FA0B00-6928-4736-B8FD-266BC510D826}.Release|Any CPU.ActiveCfg = Release|Any CPU
		{B5FA0B00-6928-4736-B8FD-266BC510D826}.Release|Any CPU.Build.0 = Release|Any CPU
		{4BBE09EB-430E-44BD-983B-3B259A3D1E23}.Debug|Any CPU.ActiveCfg = Debug|Any CPU
		{4BBE09EB-430E-44BD-983B-3B259A3D1E23}.Debug|Any CPU.Build.0 = Debug|Any CPU
		{4BBE09EB-430E-44BD-983B-3B259A3D1E23}.Release|Any CPU.ActiveCfg = Release|Any CPU
		{4BBE09EB-430E-44BD-983B-3B259A3D1E23}.Release|Any CPU.Build.0 = Release|Any CPU
		{9215DC4E-073A-44AF-A754-82AEE6822FCB}.Debug|Any CPU.ActiveCfg = Debug|Any CPU
		{9215DC4E-073A-44AF-A754-82AEE6822FCB}.Debug|Any CPU.Build.0 = Debug|Any CPU
		{9215DC4E-073A-44AF-A754-82AEE6822FCB}.Release|Any CPU.ActiveCfg = Release|Any CPU
		{9215DC4E-073A-44AF-A754-82AEE6822FCB}.Release|Any CPU.Build.0 = Release|Any CPU
		{657275B9-190E-4351-B362-1A8F5079DEEA}.Debug|Any CPU.ActiveCfg = Debug|Any CPU
		{657275B9-190E-4351-B362-1A8F5079DEEA}.Debug|Any CPU.Build.0 = Debug|Any CPU
		{657275B9-190E-4351-B362-1A8F5079DEEA}.Release|Any CPU.ActiveCfg = Release|Any CPU
		{657275B9-190E-4351-B362-1A8F5079DEEA}.Release|Any CPU.Build.0 = Release|Any CPU
		{BC5F7DAD-C181-463D-84B6-5910E40F19E4}.Debug|Any CPU.ActiveCfg = Debug|Any CPU
		{BC5F7DAD-C181-463D-84B6-5910E40F19E4}.Debug|Any CPU.Build.0 = Debug|Any CPU
		{BC5F7DAD-C181-463D-84B6-5910E40F19E4}.Release|Any CPU.ActiveCfg = Release|Any CPU
		{BC5F7DAD-C181-463D-84B6-5910E40F19E4}.Release|Any CPU.Build.0 = Release|Any CPU
		{CD7FF9C3-BD8B-4DC5-B8E7-C09288F22F78}.Debug|Any CPU.ActiveCfg = Debug|Any CPU
		{CD7FF9C3-BD8B-4DC5-B8E7-C09288F22F78}.Debug|Any CPU.Build.0 = Debug|Any CPU
		{CD7FF9C3-BD8B-4DC5-B8E7-C09288F22F78}.Release|Any CPU.ActiveCfg = Release|Any CPU
		{CD7FF9C3-BD8B-4DC5-B8E7-C09288F22F78}.Release|Any CPU.Build.0 = Release|Any CPU
		{BD1838B6-F990-43AF-A843-1F764C35D525}.Debug|Any CPU.ActiveCfg = Debug|Any CPU
		{BD1838B6-F990-43AF-A843-1F764C35D525}.Debug|Any CPU.Build.0 = Debug|Any CPU
		{BD1838B6-F990-43AF-A843-1F764C35D525}.Release|Any CPU.ActiveCfg = Release|Any CPU
		{BD1838B6-F990-43AF-A843-1F764C35D525}.Release|Any CPU.Build.0 = Release|Any CPU
		{86A6EB13-4563-4111-BE33-F171FC89C82B}.Debug|Any CPU.ActiveCfg = Debug|Any CPU
		{86A6EB13-4563-4111-BE33-F171FC89C82B}.Debug|Any CPU.Build.0 = Debug|Any CPU
		{86A6EB13-4563-4111-BE33-F171FC89C82B}.Release|Any CPU.ActiveCfg = Release|Any CPU
		{86A6EB13-4563-4111-BE33-F171FC89C82B}.Release|Any CPU.Build.0 = Release|Any CPU
		{CD3C386D-20ED-4CF2-9CD8-864CA45FA6A5}.Debug|Any CPU.ActiveCfg = Debug|Any CPU
		{CD3C386D-20ED-4CF2-9CD8-864CA45FA6A5}.Debug|Any CPU.Build.0 = Debug|Any CPU
		{CD3C386D-20ED-4CF2-9CD8-864CA45FA6A5}.Release|Any CPU.ActiveCfg = Release|Any CPU
		{CD3C386D-20ED-4CF2-9CD8-864CA45FA6A5}.Release|Any CPU.Build.0 = Release|Any CPU
		{6D8B20A9-E179-4CD8-83F6-79BAC67E083D}.Debug|Any CPU.ActiveCfg = Debug|Any CPU
		{6D8B20A9-E179-4CD8-83F6-79BAC67E083D}.Debug|Any CPU.Build.0 = Debug|Any CPU
		{6D8B20A9-E179-4CD8-83F6-79BAC67E083D}.Release|Any CPU.ActiveCfg = Release|Any CPU
		{6D8B20A9-E179-4CD8-83F6-79BAC67E083D}.Release|Any CPU.Build.0 = Release|Any CPU
		{51BD8A56-C102-4272-AF24-DBD47916DFF4}.Debug|Any CPU.ActiveCfg = Debug|Any CPU
		{51BD8A56-C102-4272-AF24-DBD47916DFF4}.Debug|Any CPU.Build.0 = Debug|Any CPU
		{51BD8A56-C102-4272-AF24-DBD47916DFF4}.Release|Any CPU.ActiveCfg = Release|Any CPU
		{51BD8A56-C102-4272-AF24-DBD47916DFF4}.Release|Any CPU.Build.0 = Release|Any CPU
		{E8DB053D-9365-4114-827B-9C263807CDE1}.Debug|Any CPU.ActiveCfg = Debug|Any CPU
		{E8DB053D-9365-4114-827B-9C263807CDE1}.Debug|Any CPU.Build.0 = Debug|Any CPU
		{E8DB053D-9365-4114-827B-9C263807CDE1}.Release|Any CPU.ActiveCfg = Release|Any CPU
		{E8DB053D-9365-4114-827B-9C263807CDE1}.Release|Any CPU.Build.0 = Release|Any CPU
		{BA5BAB93-F485-48A5-9180-C1C0C6CD9728}.Debug|Any CPU.ActiveCfg = Debug|Any CPU
		{BA5BAB93-F485-48A5-9180-C1C0C6CD9728}.Debug|Any CPU.Build.0 = Debug|Any CPU
		{BA5BAB93-F485-48A5-9180-C1C0C6CD9728}.Release|Any CPU.ActiveCfg = Release|Any CPU
		{BA5BAB93-F485-48A5-9180-C1C0C6CD9728}.Release|Any CPU.Build.0 = Release|Any CPU
		{1FAA67E0-6978-4B62-B02A-5D4EB1F18205}.Debug|Any CPU.ActiveCfg = Debug|Any CPU
		{1FAA67E0-6978-4B62-B02A-5D4EB1F18205}.Debug|Any CPU.Build.0 = Debug|Any CPU
		{1FAA67E0-6978-4B62-B02A-5D4EB1F18205}.Release|Any CPU.ActiveCfg = Release|Any CPU
		{1FAA67E0-6978-4B62-B02A-5D4EB1F18205}.Release|Any CPU.Build.0 = Release|Any CPU
		{C1C535C6-1740-4243-B4E2-84508239D3DD}.Debug|Any CPU.ActiveCfg = Debug|Any CPU
		{C1C535C6-1740-4243-B4E2-84508239D3DD}.Debug|Any CPU.Build.0 = Debug|Any CPU
		{C1C535C6-1740-4243-B4E2-84508239D3DD}.Release|Any CPU.ActiveCfg = Release|Any CPU
		{C1C535C6-1740-4243-B4E2-84508239D3DD}.Release|Any CPU.Build.0 = Release|Any CPU
		{B20D92C4-D987-4754-846A-B1975CE45EA2}.Debug|Any CPU.ActiveCfg = Debug|Any CPU
		{B20D92C4-D987-4754-846A-B1975CE45EA2}.Debug|Any CPU.Build.0 = Debug|Any CPU
		{B20D92C4-D987-4754-846A-B1975CE45EA2}.Release|Any CPU.ActiveCfg = Release|Any CPU
		{B20D92C4-D987-4754-846A-B1975CE45EA2}.Release|Any CPU.Build.0 = Release|Any CPU
		{F9796998-6DFD-4694-B626-1F8DBA5E1EBE}.Debug|Any CPU.ActiveCfg = Debug|Any CPU
		{F9796998-6DFD-4694-B626-1F8DBA5E1EBE}.Debug|Any CPU.Build.0 = Debug|Any CPU
		{F9796998-6DFD-4694-B626-1F8DBA5E1EBE}.Release|Any CPU.ActiveCfg = Release|Any CPU
		{F9796998-6DFD-4694-B626-1F8DBA5E1EBE}.Release|Any CPU.Build.0 = Release|Any CPU
		{30C2B7CD-B553-4ADD-955B-2CE76CEF9FC2}.Debug|Any CPU.ActiveCfg = Debug|Any CPU
		{30C2B7CD-B553-4ADD-955B-2CE76CEF9FC2}.Debug|Any CPU.Build.0 = Debug|Any CPU
		{30C2B7CD-B553-4ADD-955B-2CE76CEF9FC2}.Release|Any CPU.ActiveCfg = Release|Any CPU
		{30C2B7CD-B553-4ADD-955B-2CE76CEF9FC2}.Release|Any CPU.Build.0 = Release|Any CPU
		{C1E4D6D3-29E8-44CE-884F-127CBB5E53BC}.Debug|Any CPU.ActiveCfg = Debug|Any CPU
		{C1E4D6D3-29E8-44CE-884F-127CBB5E53BC}.Debug|Any CPU.Build.0 = Debug|Any CPU
		{C1E4D6D3-29E8-44CE-884F-127CBB5E53BC}.Release|Any CPU.ActiveCfg = Release|Any CPU
		{C1E4D6D3-29E8-44CE-884F-127CBB5E53BC}.Release|Any CPU.Build.0 = Release|Any CPU
		{92F9D177-57EC-4D5B-8734-C8D4443DB7E5}.Debug|Any CPU.ActiveCfg = Debug|Any CPU
		{92F9D177-57EC-4D5B-8734-C8D4443DB7E5}.Debug|Any CPU.Build.0 = Debug|Any CPU
		{92F9D177-57EC-4D5B-8734-C8D4443DB7E5}.Release|Any CPU.ActiveCfg = Release|Any CPU
		{92F9D177-57EC-4D5B-8734-C8D4443DB7E5}.Release|Any CPU.Build.0 = Release|Any CPU
		{36B8A3E6-8C7E-4CD7-A13B-858B33F76183}.Debug|Any CPU.ActiveCfg = Debug|Any CPU
		{36B8A3E6-8C7E-4CD7-A13B-858B33F76183}.Debug|Any CPU.Build.0 = Debug|Any CPU
		{36B8A3E6-8C7E-4CD7-A13B-858B33F76183}.Release|Any CPU.ActiveCfg = Release|Any CPU
		{36B8A3E6-8C7E-4CD7-A13B-858B33F76183}.Release|Any CPU.Build.0 = Release|Any CPU
		{3976915A-BE8F-4E53-B6C6-025E4191D767}.Debug|Any CPU.ActiveCfg = Debug|Any CPU
		{3976915A-BE8F-4E53-B6C6-025E4191D767}.Debug|Any CPU.Build.0 = Debug|Any CPU
		{3976915A-BE8F-4E53-B6C6-025E4191D767}.Release|Any CPU.ActiveCfg = Release|Any CPU
		{3976915A-BE8F-4E53-B6C6-025E4191D767}.Release|Any CPU.Build.0 = Release|Any CPU
		{C44A1B27-C010-413C-8E7B-19D95B1C9193}.Debug|Any CPU.ActiveCfg = Debug|Any CPU
		{C44A1B27-C010-413C-8E7B-19D95B1C9193}.Debug|Any CPU.Build.0 = Debug|Any CPU
		{C44A1B27-C010-413C-8E7B-19D95B1C9193}.Release|Any CPU.ActiveCfg = Release|Any CPU
		{C44A1B27-C010-413C-8E7B-19D95B1C9193}.Release|Any CPU.Build.0 = Release|Any CPU
		{AE75191A-86C5-40FC-B885-70A241E7719B}.Debug|Any CPU.ActiveCfg = Debug|Any CPU
		{AE75191A-86C5-40FC-B885-70A241E7719B}.Debug|Any CPU.Build.0 = Debug|Any CPU
		{AE75191A-86C5-40FC-B885-70A241E7719B}.Release|Any CPU.ActiveCfg = Release|Any CPU
		{AE75191A-86C5-40FC-B885-70A241E7719B}.Release|Any CPU.Build.0 = Release|Any CPU
		{93374A5A-1C4C-4476-8CC9-1BAB71FBD726}.Debug|Any CPU.ActiveCfg = Debug|Any CPU
		{93374A5A-1C4C-4476-8CC9-1BAB71FBD726}.Debug|Any CPU.Build.0 = Debug|Any CPU
		{93374A5A-1C4C-4476-8CC9-1BAB71FBD726}.Release|Any CPU.ActiveCfg = Release|Any CPU
		{93374A5A-1C4C-4476-8CC9-1BAB71FBD726}.Release|Any CPU.Build.0 = Release|Any CPU
		{41F95EF0-9F01-431B-8710-F516A361AB46}.Debug|Any CPU.ActiveCfg = Debug|Any CPU
		{41F95EF0-9F01-431B-8710-F516A361AB46}.Debug|Any CPU.Build.0 = Debug|Any CPU
		{41F95EF0-9F01-431B-8710-F516A361AB46}.Release|Any CPU.ActiveCfg = Release|Any CPU
		{41F95EF0-9F01-431B-8710-F516A361AB46}.Release|Any CPU.Build.0 = Release|Any CPU
		{A1A477C9-F844-4F68-8822-B7063E29991F}.Debug|Any CPU.ActiveCfg = Debug|Any CPU
		{A1A477C9-F844-4F68-8822-B7063E29991F}.Debug|Any CPU.Build.0 = Debug|Any CPU
		{A1A477C9-F844-4F68-8822-B7063E29991F}.Release|Any CPU.ActiveCfg = Release|Any CPU
		{A1A477C9-F844-4F68-8822-B7063E29991F}.Release|Any CPU.Build.0 = Release|Any CPU
		{CAF19E93-E808-41DB-8957-0A5FD54E3B3A}.Debug|Any CPU.ActiveCfg = Debug|Any CPU
		{CAF19E93-E808-41DB-8957-0A5FD54E3B3A}.Debug|Any CPU.Build.0 = Debug|Any CPU
		{CAF19E93-E808-41DB-8957-0A5FD54E3B3A}.Release|Any CPU.ActiveCfg = Release|Any CPU
		{CAF19E93-E808-41DB-8957-0A5FD54E3B3A}.Release|Any CPU.Build.0 = Release|Any CPU
		{49817DD9-266B-42AF-9895-FBA4178DCB8C}.Debug|Any CPU.ActiveCfg = Debug|Any CPU
		{49817DD9-266B-42AF-9895-FBA4178DCB8C}.Debug|Any CPU.Build.0 = Debug|Any CPU
		{49817DD9-266B-42AF-9895-FBA4178DCB8C}.Release|Any CPU.ActiveCfg = Release|Any CPU
		{49817DD9-266B-42AF-9895-FBA4178DCB8C}.Release|Any CPU.Build.0 = Release|Any CPU
		{B676DE19-B83A-4FB3-B51A-A2DB2DD465DE}.Debug|Any CPU.ActiveCfg = Debug|Any CPU
		{B676DE19-B83A-4FB3-B51A-A2DB2DD465DE}.Debug|Any CPU.Build.0 = Debug|Any CPU
		{B676DE19-B83A-4FB3-B51A-A2DB2DD465DE}.Release|Any CPU.ActiveCfg = Release|Any CPU
		{B676DE19-B83A-4FB3-B51A-A2DB2DD465DE}.Release|Any CPU.Build.0 = Release|Any CPU
		{0023F207-2035-46F7-8592-C3A2D9000300}.Debug|Any CPU.ActiveCfg = Debug|Any CPU
		{0023F207-2035-46F7-8592-C3A2D9000300}.Debug|Any CPU.Build.0 = Debug|Any CPU
		{0023F207-2035-46F7-8592-C3A2D9000300}.Release|Any CPU.ActiveCfg = Release|Any CPU
		{0023F207-2035-46F7-8592-C3A2D9000300}.Release|Any CPU.Build.0 = Release|Any CPU
		{38832B08-9848-41BE-919C-A2897F0DF412}.Debug|Any CPU.ActiveCfg = Debug|Any CPU
		{38832B08-9848-41BE-919C-A2897F0DF412}.Debug|Any CPU.Build.0 = Debug|Any CPU
		{38832B08-9848-41BE-919C-A2897F0DF412}.Release|Any CPU.ActiveCfg = Release|Any CPU
		{38832B08-9848-41BE-919C-A2897F0DF412}.Release|Any CPU.Build.0 = Release|Any CPU
		{4093127D-320C-4153-8687-5550F3D56103}.Debug|Any CPU.ActiveCfg = Debug|Any CPU
		{4093127D-320C-4153-8687-5550F3D56103}.Debug|Any CPU.Build.0 = Debug|Any CPU
		{4093127D-320C-4153-8687-5550F3D56103}.Release|Any CPU.ActiveCfg = Release|Any CPU
		{4093127D-320C-4153-8687-5550F3D56103}.Release|Any CPU.Build.0 = Release|Any CPU
		{645B1509-31CA-4659-A083-D3BEA2C58D66}.Debug|Any CPU.ActiveCfg = Debug|Any CPU
		{645B1509-31CA-4659-A083-D3BEA2C58D66}.Debug|Any CPU.Build.0 = Debug|Any CPU
		{645B1509-31CA-4659-A083-D3BEA2C58D66}.Release|Any CPU.ActiveCfg = Release|Any CPU
		{645B1509-31CA-4659-A083-D3BEA2C58D66}.Release|Any CPU.Build.0 = Release|Any CPU
		{BF91F3C6-2ADF-4B09-8FC3-31A48DF413FD}.Debug|Any CPU.ActiveCfg = Debug|Any CPU
		{BF91F3C6-2ADF-4B09-8FC3-31A48DF413FD}.Debug|Any CPU.Build.0 = Debug|Any CPU
		{BF91F3C6-2ADF-4B09-8FC3-31A48DF413FD}.Release|Any CPU.ActiveCfg = Release|Any CPU
		{BF91F3C6-2ADF-4B09-8FC3-31A48DF413FD}.Release|Any CPU.Build.0 = Release|Any CPU
		{B7DC08F5-B095-46ED-9827-325955BD71F2}.Debug|Any CPU.ActiveCfg = Debug|Any CPU
		{B7DC08F5-B095-46ED-9827-325955BD71F2}.Debug|Any CPU.Build.0 = Debug|Any CPU
		{B7DC08F5-B095-46ED-9827-325955BD71F2}.Release|Any CPU.ActiveCfg = Release|Any CPU
		{B7DC08F5-B095-46ED-9827-325955BD71F2}.Release|Any CPU.Build.0 = Release|Any CPU
		{3F5A7974-F749-4A42-8E0F-672DDD6B34BA}.Debug|Any CPU.ActiveCfg = Debug|Any CPU
		{3F5A7974-F749-4A42-8E0F-672DDD6B34BA}.Debug|Any CPU.Build.0 = Debug|Any CPU
		{3F5A7974-F749-4A42-8E0F-672DDD6B34BA}.Release|Any CPU.ActiveCfg = Release|Any CPU
		{3F5A7974-F749-4A42-8E0F-672DDD6B34BA}.Release|Any CPU.Build.0 = Release|Any CPU
		{EFC2386A-4AB7-46BE-8538-FFFC32304418}.Debug|Any CPU.ActiveCfg = Debug|Any CPU
		{EFC2386A-4AB7-46BE-8538-FFFC32304418}.Debug|Any CPU.Build.0 = Debug|Any CPU
		{EFC2386A-4AB7-46BE-8538-FFFC32304418}.Release|Any CPU.ActiveCfg = Release|Any CPU
		{EFC2386A-4AB7-46BE-8538-FFFC32304418}.Release|Any CPU.Build.0 = Release|Any CPU
		{617347C9-4EDD-4E05-88BF-0464DAF1E8E9}.Debug|Any CPU.ActiveCfg = Debug|Any CPU
		{617347C9-4EDD-4E05-88BF-0464DAF1E8E9}.Debug|Any CPU.Build.0 = Debug|Any CPU
		{617347C9-4EDD-4E05-88BF-0464DAF1E8E9}.Release|Any CPU.ActiveCfg = Release|Any CPU
		{617347C9-4EDD-4E05-88BF-0464DAF1E8E9}.Release|Any CPU.Build.0 = Release|Any CPU
		{72D6AA6E-7B93-486A-AE5F-D6FED2FCD599}.Debug|Any CPU.ActiveCfg = Debug|Any CPU
		{72D6AA6E-7B93-486A-AE5F-D6FED2FCD599}.Debug|Any CPU.Build.0 = Debug|Any CPU
		{72D6AA6E-7B93-486A-AE5F-D6FED2FCD599}.Release|Any CPU.ActiveCfg = Release|Any CPU
		{72D6AA6E-7B93-486A-AE5F-D6FED2FCD599}.Release|Any CPU.Build.0 = Release|Any CPU
		{8C814806-00AF-4E2B-AD27-AF7F57754EF4}.Debug|Any CPU.ActiveCfg = Debug|Any CPU
		{8C814806-00AF-4E2B-AD27-AF7F57754EF4}.Debug|Any CPU.Build.0 = Debug|Any CPU
		{8C814806-00AF-4E2B-AD27-AF7F57754EF4}.Release|Any CPU.ActiveCfg = Release|Any CPU
		{8C814806-00AF-4E2B-AD27-AF7F57754EF4}.Release|Any CPU.Build.0 = Release|Any CPU
		{1F4265D0-2813-4EBB-8BB6-BC651159BEBE}.Debug|Any CPU.ActiveCfg = Debug|Any CPU
		{1F4265D0-2813-4EBB-8BB6-BC651159BEBE}.Debug|Any CPU.Build.0 = Debug|Any CPU
		{1F4265D0-2813-4EBB-8BB6-BC651159BEBE}.Release|Any CPU.ActiveCfg = Release|Any CPU
		{1F4265D0-2813-4EBB-8BB6-BC651159BEBE}.Release|Any CPU.Build.0 = Release|Any CPU
		{55BEB1DF-33D9-4809-B2E7-43CF52E925E1}.Debug|Any CPU.ActiveCfg = Debug|Any CPU
		{55BEB1DF-33D9-4809-B2E7-43CF52E925E1}.Debug|Any CPU.Build.0 = Debug|Any CPU
		{55BEB1DF-33D9-4809-B2E7-43CF52E925E1}.Release|Any CPU.ActiveCfg = Release|Any CPU
		{55BEB1DF-33D9-4809-B2E7-43CF52E925E1}.Release|Any CPU.Build.0 = Release|Any CPU
		{92334983-6B55-4E3E-A76C-7C29CD8FF365}.Debug|Any CPU.ActiveCfg = Debug|Any CPU
		{92334983-6B55-4E3E-A76C-7C29CD8FF365}.Debug|Any CPU.Build.0 = Debug|Any CPU
		{92334983-6B55-4E3E-A76C-7C29CD8FF365}.Release|Any CPU.ActiveCfg = Release|Any CPU
		{92334983-6B55-4E3E-A76C-7C29CD8FF365}.Release|Any CPU.Build.0 = Release|Any CPU
		{28F008E8-BCCB-4266-8AA1-688D8B73C696}.Debug|Any CPU.ActiveCfg = Debug|Any CPU
		{28F008E8-BCCB-4266-8AA1-688D8B73C696}.Debug|Any CPU.Build.0 = Debug|Any CPU
		{28F008E8-BCCB-4266-8AA1-688D8B73C696}.Release|Any CPU.ActiveCfg = Release|Any CPU
		{28F008E8-BCCB-4266-8AA1-688D8B73C696}.Release|Any CPU.Build.0 = Release|Any CPU
		{B9C97291-D52A-4EA5-972E-B5A27A6D9485}.Debug|Any CPU.ActiveCfg = Debug|Any CPU
		{B9C97291-D52A-4EA5-972E-B5A27A6D9485}.Debug|Any CPU.Build.0 = Debug|Any CPU
		{B9C97291-D52A-4EA5-972E-B5A27A6D9485}.Release|Any CPU.ActiveCfg = Release|Any CPU
		{B9C97291-D52A-4EA5-972E-B5A27A6D9485}.Release|Any CPU.Build.0 = Release|Any CPU
		{49313B90-E7B1-4C25-B584-4851CC89824D}.Debug|Any CPU.ActiveCfg = Debug|Any CPU
		{49313B90-E7B1-4C25-B584-4851CC89824D}.Debug|Any CPU.Build.0 = Debug|Any CPU
		{49313B90-E7B1-4C25-B584-4851CC89824D}.Release|Any CPU.ActiveCfg = Release|Any CPU
		{49313B90-E7B1-4C25-B584-4851CC89824D}.Release|Any CPU.Build.0 = Release|Any CPU
		{28E051E9-28CE-4517-82B9-A85BDDA37161}.Debug|Any CPU.ActiveCfg = Debug|Any CPU
		{28E051E9-28CE-4517-82B9-A85BDDA37161}.Debug|Any CPU.Build.0 = Debug|Any CPU
		{28E051E9-28CE-4517-82B9-A85BDDA37161}.Release|Any CPU.ActiveCfg = Release|Any CPU
		{28E051E9-28CE-4517-82B9-A85BDDA37161}.Release|Any CPU.Build.0 = Release|Any CPU
		{EAA52C67-DF45-486F-8A90-91C07C59D98E}.Debug|Any CPU.ActiveCfg = Debug|Any CPU
		{EAA52C67-DF45-486F-8A90-91C07C59D98E}.Debug|Any CPU.Build.0 = Debug|Any CPU
		{EAA52C67-DF45-486F-8A90-91C07C59D98E}.Release|Any CPU.ActiveCfg = Release|Any CPU
		{EAA52C67-DF45-486F-8A90-91C07C59D98E}.Release|Any CPU.Build.0 = Release|Any CPU
		{43605CDD-DDAE-4FA1-A950-799DE4A37265}.Debug|Any CPU.ActiveCfg = Debug|Any CPU
		{43605CDD-DDAE-4FA1-A950-799DE4A37265}.Debug|Any CPU.Build.0 = Debug|Any CPU
		{43605CDD-DDAE-4FA1-A950-799DE4A37265}.Release|Any CPU.ActiveCfg = Release|Any CPU
		{43605CDD-DDAE-4FA1-A950-799DE4A37265}.Release|Any CPU.Build.0 = Release|Any CPU
		{65D915EB-C896-4E75-9ABA-F57BB35CCE1F}.Debug|Any CPU.ActiveCfg = Debug|Any CPU
		{65D915EB-C896-4E75-9ABA-F57BB35CCE1F}.Debug|Any CPU.Build.0 = Debug|Any CPU
		{65D915EB-C896-4E75-9ABA-F57BB35CCE1F}.Release|Any CPU.ActiveCfg = Release|Any CPU
		{65D915EB-C896-4E75-9ABA-F57BB35CCE1F}.Release|Any CPU.Build.0 = Release|Any CPU
		{64B98A4E-487A-43A0-B017-869D5F0F865D}.Debug|Any CPU.ActiveCfg = Debug|Any CPU
		{64B98A4E-487A-43A0-B017-869D5F0F865D}.Debug|Any CPU.Build.0 = Debug|Any CPU
		{64B98A4E-487A-43A0-B017-869D5F0F865D}.Release|Any CPU.ActiveCfg = Release|Any CPU
		{64B98A4E-487A-43A0-B017-869D5F0F865D}.Release|Any CPU.Build.0 = Release|Any CPU
		{D86D3B5C-17F9-4608-8D63-49DD0C8FFF6B}.Debug|Any CPU.ActiveCfg = Debug|Any CPU
		{D86D3B5C-17F9-4608-8D63-49DD0C8FFF6B}.Debug|Any CPU.Build.0 = Debug|Any CPU
		{D86D3B5C-17F9-4608-8D63-49DD0C8FFF6B}.Release|Any CPU.ActiveCfg = Release|Any CPU
		{D86D3B5C-17F9-4608-8D63-49DD0C8FFF6B}.Release|Any CPU.Build.0 = Release|Any CPU
		{49C17D75-56B1-4A40-8BA1-2746951D4A74}.Debug|Any CPU.ActiveCfg = Debug|Any CPU
		{49C17D75-56B1-4A40-8BA1-2746951D4A74}.Debug|Any CPU.Build.0 = Debug|Any CPU
		{49C17D75-56B1-4A40-8BA1-2746951D4A74}.Release|Any CPU.ActiveCfg = Release|Any CPU
		{49C17D75-56B1-4A40-8BA1-2746951D4A74}.Release|Any CPU.Build.0 = Release|Any CPU
		{481527E3-2454-48B6-BAA2-39F73048596B}.Debug|Any CPU.ActiveCfg = Debug|Any CPU
		{481527E3-2454-48B6-BAA2-39F73048596B}.Debug|Any CPU.Build.0 = Debug|Any CPU
		{481527E3-2454-48B6-BAA2-39F73048596B}.Release|Any CPU.ActiveCfg = Release|Any CPU
		{481527E3-2454-48B6-BAA2-39F73048596B}.Release|Any CPU.Build.0 = Release|Any CPU
		{2509157D-7E60-4A23-B93F-3FFD4FFC9570}.Debug|Any CPU.ActiveCfg = Debug|Any CPU
		{2509157D-7E60-4A23-B93F-3FFD4FFC9570}.Debug|Any CPU.Build.0 = Debug|Any CPU
		{2509157D-7E60-4A23-B93F-3FFD4FFC9570}.Release|Any CPU.ActiveCfg = Release|Any CPU
		{2509157D-7E60-4A23-B93F-3FFD4FFC9570}.Release|Any CPU.Build.0 = Release|Any CPU
		{88FD4326-4AA6-4A01-98DB-DBB96AF065C5}.Debug|Any CPU.ActiveCfg = Debug|Any CPU
		{88FD4326-4AA6-4A01-98DB-DBB96AF065C5}.Debug|Any CPU.Build.0 = Debug|Any CPU
		{88FD4326-4AA6-4A01-98DB-DBB96AF065C5}.Release|Any CPU.ActiveCfg = Release|Any CPU
		{88FD4326-4AA6-4A01-98DB-DBB96AF065C5}.Release|Any CPU.Build.0 = Release|Any CPU
		{C6B8D4E3-E5F3-418D-A55C-1BEF79AE52D1}.Debug|Any CPU.ActiveCfg = Debug|Any CPU
		{C6B8D4E3-E5F3-418D-A55C-1BEF79AE52D1}.Debug|Any CPU.Build.0 = Debug|Any CPU
		{C6B8D4E3-E5F3-418D-A55C-1BEF79AE52D1}.Release|Any CPU.ActiveCfg = Release|Any CPU
		{C6B8D4E3-E5F3-418D-A55C-1BEF79AE52D1}.Release|Any CPU.Build.0 = Release|Any CPU
		{48AD8FB4-CCC6-43BE-AEB7-A7B28C67B92F}.Debug|Any CPU.ActiveCfg = Debug|Any CPU
		{48AD8FB4-CCC6-43BE-AEB7-A7B28C67B92F}.Debug|Any CPU.Build.0 = Debug|Any CPU
		{48AD8FB4-CCC6-43BE-AEB7-A7B28C67B92F}.Release|Any CPU.ActiveCfg = Release|Any CPU
		{48AD8FB4-CCC6-43BE-AEB7-A7B28C67B92F}.Release|Any CPU.Build.0 = Release|Any CPU
		{A373879F-99F7-4BDC-B283-797EB93C3F1C}.Debug|Any CPU.ActiveCfg = Debug|Any CPU
		{A373879F-99F7-4BDC-B283-797EB93C3F1C}.Debug|Any CPU.Build.0 = Debug|Any CPU
		{A373879F-99F7-4BDC-B283-797EB93C3F1C}.Release|Any CPU.ActiveCfg = Release|Any CPU
		{A373879F-99F7-4BDC-B283-797EB93C3F1C}.Release|Any CPU.Build.0 = Release|Any CPU
		{8AEDDB6F-5907-48F6-8B86-962F0CA3BC47}.Debug|Any CPU.ActiveCfg = Debug|Any CPU
		{8AEDDB6F-5907-48F6-8B86-962F0CA3BC47}.Debug|Any CPU.Build.0 = Debug|Any CPU
		{8AEDDB6F-5907-48F6-8B86-962F0CA3BC47}.Release|Any CPU.ActiveCfg = Release|Any CPU
		{8AEDDB6F-5907-48F6-8B86-962F0CA3BC47}.Release|Any CPU.Build.0 = Release|Any CPU
		{A311789C-50F3-4740-B2A4-8665AB7BEC9A}.Debug|Any CPU.ActiveCfg = Debug|Any CPU
		{A311789C-50F3-4740-B2A4-8665AB7BEC9A}.Debug|Any CPU.Build.0 = Debug|Any CPU
		{A311789C-50F3-4740-B2A4-8665AB7BEC9A}.Release|Any CPU.ActiveCfg = Release|Any CPU
		{A311789C-50F3-4740-B2A4-8665AB7BEC9A}.Release|Any CPU.Build.0 = Release|Any CPU
		{CA09CD0A-56A8-4739-A8A3-A0F85F33EF1E}.Debug|Any CPU.ActiveCfg = Debug|Any CPU
		{CA09CD0A-56A8-4739-A8A3-A0F85F33EF1E}.Debug|Any CPU.Build.0 = Debug|Any CPU
		{CA09CD0A-56A8-4739-A8A3-A0F85F33EF1E}.Release|Any CPU.ActiveCfg = Release|Any CPU
		{CA09CD0A-56A8-4739-A8A3-A0F85F33EF1E}.Release|Any CPU.Build.0 = Release|Any CPU
		{12D6B9EA-80FD-4987-8AB5-44477894DDFF}.Debug|Any CPU.ActiveCfg = Debug|Any CPU
		{12D6B9EA-80FD-4987-8AB5-44477894DDFF}.Debug|Any CPU.Build.0 = Debug|Any CPU
		{12D6B9EA-80FD-4987-8AB5-44477894DDFF}.Release|Any CPU.ActiveCfg = Release|Any CPU
		{12D6B9EA-80FD-4987-8AB5-44477894DDFF}.Release|Any CPU.Build.0 = Release|Any CPU
		{F54A6C5E-2862-4057-8234-A7E089BEBCCF}.Debug|Any CPU.ActiveCfg = Debug|Any CPU
		{F54A6C5E-2862-4057-8234-A7E089BEBCCF}.Debug|Any CPU.Build.0 = Debug|Any CPU
		{F54A6C5E-2862-4057-8234-A7E089BEBCCF}.Release|Any CPU.ActiveCfg = Release|Any CPU
		{F54A6C5E-2862-4057-8234-A7E089BEBCCF}.Release|Any CPU.Build.0 = Release|Any CPU
	EndGlobalSection
	GlobalSection(SolutionProperties) = preSolution
		HideSolutionNode = FALSE
	EndGlobalSection
EndGlobal
